
Microsoft Visual Studio Solution File, Format Version 12.00
# Visual Studio Version 17
VisualStudioVersion = 17.10.35201.131
MinimumVisualStudioVersion = 10.0.40219.1
Project("{FAE04EC0-301F-11D3-BF4B-00C04F79EFBC}") = "ClassicalSharp", "ClassicalSharp\ClassicalSharp.csproj", "{BEB1C785-5CAD-48FF-A886-876BF0A318D4}"
EndProject
Project("{FAE04EC0-301F-11D3-BF4B-00C04F79EFBC}") = "InteropPatcher", "InteropPatcher\InteropPatcher.csproj", "{4A4110EE-21CA-4715-AF67-0C8B7CE0642F}"
EndProject
Project("{FAE04EC0-301F-11D3-BF4B-00C04F79EFBC}") = "Launcher2", "Launcher2\Launcher2.csproj", "{3E84ACC1-27B4-401B-A359-6AAE4DF6C9B5}"
EndProject
Project("{FAE04EC0-301F-11D3-BF4B-00C04F79EFBC}") = "SharpWave", "SharpWave\SharpWave.csproj", "{77EA9D1E-4995-4D05-A9C7-29173CB5DC72}"
EndProject
Project("{FAE04EC0-301F-11D3-BF4B-00C04F79EFBC}") = "Updater", "Updater\Updater.csproj", "{6BA05A4E-A43C-4A0B-80E8-720520D64BA6}"
EndProject
Global
	GlobalSection(SolutionConfigurationPlatforms) = preSolution
		Debug_DX|Any CPU = Debug_DX|Any CPU
		Debug_DX|x64 = Debug_DX|x64
		Debug_DX|x86 = Debug_DX|x86
		Debug|Any CPU = Debug|Any CPU
		Debug|x64 = Debug|x64
		Debug|x86 = Debug|x86
		Release_DX|Any CPU = Release_DX|Any CPU
		Release_DX|x64 = Release_DX|x64
		Release_DX|x86 = Release_DX|x86
		Release|Any CPU = Release|Any CPU
		Release|x64 = Release|x64
		Release|x86 = Release|x86
	EndGlobalSection
	GlobalSection(ProjectConfigurationPlatforms) = postSolution
		{BEB1C785-5CAD-48FF-A886-876BF0A318D4}.Debug_DX|Any CPU.ActiveCfg = Debug_D3D|Any CPU
		{BEB1C785-5CAD-48FF-A886-876BF0A318D4}.Debug_DX|Any CPU.Build.0 = Debug_D3D|Any CPU
		{BEB1C785-5CAD-48FF-A886-876BF0A318D4}.Debug_DX|x64.ActiveCfg = Debug_D3D|Any CPU
		{BEB1C785-5CAD-48FF-A886-876BF0A318D4}.Debug_DX|x64.Build.0 = Debug_D3D|Any CPU
		{BEB1C785-5CAD-48FF-A886-876BF0A318D4}.Debug_DX|x86.ActiveCfg = Debug_D3D|Any CPU
		{BEB1C785-5CAD-48FF-A886-876BF0A318D4}.Debug_DX|x86.Build.0 = Debug_D3D|Any CPU
		{BEB1C785-5CAD-48FF-A886-876BF0A318D4}.Debug|Any CPU.ActiveCfg = Debug|Any CPU
		{BEB1C785-5CAD-48FF-A886-876BF0A318D4}.Debug|Any CPU.Build.0 = Debug|Any CPU
		{BEB1C785-5CAD-48FF-A886-876BF0A318D4}.Debug|x64.ActiveCfg = Debug|Any CPU
		{BEB1C785-5CAD-48FF-A886-876BF0A318D4}.Debug|x64.Build.0 = Debug|Any CPU
		{BEB1C785-5CAD-48FF-A886-876BF0A318D4}.Debug|x86.ActiveCfg = Debug|Any CPU
		{BEB1C785-5CAD-48FF-A886-876BF0A318D4}.Debug|x86.Build.0 = Debug|Any CPU
		{BEB1C785-5CAD-48FF-A886-876BF0A318D4}.Release_DX|Any CPU.ActiveCfg = Release_D3D|Any CPU
		{BEB1C785-5CAD-48FF-A886-876BF0A318D4}.Release_DX|Any CPU.Build.0 = Release_D3D|Any CPU
		{BEB1C785-5CAD-48FF-A886-876BF0A318D4}.Release_DX|x64.ActiveCfg = Release_D3D|Any CPU
		{BEB1C785-5CAD-48FF-A886-876BF0A318D4}.Release_DX|x64.Build.0 = Release_D3D|Any CPU
		{BEB1C785-5CAD-48FF-A886-876BF0A318D4}.Release_DX|x86.ActiveCfg = Release_D3D|Any CPU
		{BEB1C785-5CAD-48FF-A886-876BF0A318D4}.Release_DX|x86.Build.0 = Release_D3D|Any CPU
		{BEB1C785-5CAD-48FF-A886-876BF0A318D4}.Release|Any CPU.ActiveCfg = Release|Any CPU
		{BEB1C785-5CAD-48FF-A886-876BF0A318D4}.Release|Any CPU.Build.0 = Release|Any CPU
		{BEB1C785-5CAD-48FF-A886-876BF0A318D4}.Release|x64.ActiveCfg = Release|Any CPU
		{BEB1C785-5CAD-48FF-A886-876BF0A318D4}.Release|x64.Build.0 = Release|Any CPU
		{BEB1C785-5CAD-48FF-A886-876BF0A318D4}.Release|x86.ActiveCfg = Release|Any CPU
		{BEB1C785-5CAD-48FF-A886-876BF0A318D4}.Release|x86.Build.0 = Release|Any CPU
		{4A4110EE-21CA-4715-AF67-0C8B7CE0642F}.Debug_DX|Any CPU.ActiveCfg = Debug|Any CPU
		{4A4110EE-21CA-4715-AF67-0C8B7CE0642F}.Debug_DX|Any CPU.Build.0 = Debug|Any CPU
		{4A4110EE-21CA-4715-AF67-0C8B7CE0642F}.Debug_DX|x64.ActiveCfg = Debug|Any CPU
		{4A4110EE-21CA-4715-AF67-0C8B7CE0642F}.Debug_DX|x64.Build.0 = Debug|Any CPU
		{4A4110EE-21CA-4715-AF67-0C8B7CE0642F}.Debug_DX|x86.ActiveCfg = Debug|Any CPU
		{4A4110EE-21CA-4715-AF67-0C8B7CE0642F}.Debug_DX|x86.Build.0 = Debug|Any CPU
		{4A4110EE-21CA-4715-AF67-0C8B7CE0642F}.Debug|Any CPU.ActiveCfg = Debug|Any CPU
		{4A4110EE-21CA-4715-AF67-0C8B7CE0642F}.Debug|Any CPU.Build.0 = Debug|Any CPU
		{4A4110EE-21CA-4715-AF67-0C8B7CE0642F}.Debug|x64.ActiveCfg = Debug|Any CPU
		{4A4110EE-21CA-4715-AF67-0C8B7CE0642F}.Debug|x64.Build.0 = Debug|Any CPU
		{4A4110EE-21CA-4715-AF67-0C8B7CE0642F}.Debug|x86.ActiveCfg = Debug|Any CPU
		{4A4110EE-21CA-4715-AF67-0C8B7CE0642F}.Debug|x86.Build.0 = Debug|Any CPU
		{4A4110EE-21CA-4715-AF67-0C8B7CE0642F}.Release_DX|Any CPU.ActiveCfg = Release|Any CPU
		{4A4110EE-21CA-4715-AF67-0C8B7CE0642F}.Release_DX|Any CPU.Build.0 = Release|Any CPU
		{4A4110EE-21CA-4715-AF67-0C8B7CE0642F}.Release_DX|x64.ActiveCfg = Release|Any CPU
		{4A4110EE-21CA-4715-AF67-0C8B7CE0642F}.Release_DX|x64.Build.0 = Release|Any CPU
		{4A4110EE-21CA-4715-AF67-0C8B7CE0642F}.Release_DX|x86.ActiveCfg = Release|Any CPU
		{4A4110EE-21CA-4715-AF67-0C8B7CE0642F}.Release_DX|x86.Build.0 = Release|Any CPU
		{4A4110EE-21CA-4715-AF67-0C8B7CE0642F}.Release|Any CPU.ActiveCfg = Release|Any CPU
		{4A4110EE-21CA-4715-AF67-0C8B7CE0642F}.Release|Any CPU.Build.0 = Release|Any CPU
		{4A4110EE-21CA-4715-AF67-0C8B7CE0642F}.Release|x64.ActiveCfg = Release|Any CPU
		{4A4110EE-21CA-4715-AF67-0C8B7CE0642F}.Release|x64.Build.0 = Release|Any CPU
		{4A4110EE-21CA-4715-AF67-0C8B7CE0642F}.Release|x86.ActiveCfg = Release|Any CPU
		{4A4110EE-21CA-4715-AF67-0C8B7CE0642F}.Release|x86.Build.0 = Release|Any CPU
		{3E84ACC1-27B4-401B-A359-6AAE4DF6C9B5}.Debug_DX|Any CPU.ActiveCfg = Debug|Any CPU
		{3E84ACC1-27B4-401B-A359-6AAE4DF6C9B5}.Debug_DX|Any CPU.Build.0 = Debug|Any CPU
		{3E84ACC1-27B4-401B-A359-6AAE4DF6C9B5}.Debug_DX|x64.ActiveCfg = Debug|Any CPU
		{3E84ACC1-27B4-401B-A359-6AAE4DF6C9B5}.Debug_DX|x64.Build.0 = Debug|Any CPU
		{3E84ACC1-27B4-401B-A359-6AAE4DF6C9B5}.Debug_DX|x86.ActiveCfg = Debug|Any CPU
		{3E84ACC1-27B4-401B-A359-6AAE4DF6C9B5}.Debug_DX|x86.Build.0 = Debug|Any CPU
		{3E84ACC1-27B4-401B-A359-6AAE4DF6C9B5}.Debug|Any CPU.ActiveCfg = Debug|Any CPU
		{3E84ACC1-27B4-401B-A359-6AAE4DF6C9B5}.Debug|Any CPU.Build.0 = Debug|Any CPU
		{3E84ACC1-27B4-401B-A359-6AAE4DF6C9B5}.Debug|x64.ActiveCfg = Debug|Any CPU
		{3E84ACC1-27B4-401B-A359-6AAE4DF6C9B5}.Debug|x64.Build.0 = Debug|Any CPU
		{3E84ACC1-27B4-401B-A359-6AAE4DF6C9B5}.Debug|x86.ActiveCfg = Debug|Any CPU
		{3E84ACC1-27B4-401B-A359-6AAE4DF6C9B5}.Debug|x86.Build.0 = Debug|Any CPU
		{3E84ACC1-27B4-401B-A359-6AAE4DF6C9B5}.Release_DX|Any CPU.ActiveCfg = Release|Any CPU
		{3E84ACC1-27B4-401B-A359-6AAE4DF6C9B5}.Release_DX|Any CPU.Build.0 = Release|Any CPU
		{3E84ACC1-27B4-401B-A359-6AAE4DF6C9B5}.Release_DX|x64.ActiveCfg = Release|Any CPU
		{3E84ACC1-27B4-401B-A359-6AAE4DF6C9B5}.Release_DX|x64.Build.0 = Release|Any CPU
		{3E84ACC1-27B4-401B-A359-6AAE4DF6C9B5}.Release_DX|x86.ActiveCfg = Release|Any CPU
		{3E84ACC1-27B4-401B-A359-6AAE4DF6C9B5}.Release_DX|x86.Build.0 = Release|Any CPU
		{3E84ACC1-27B4-401B-A359-6AAE4DF6C9B5}.Release|Any CPU.ActiveCfg = Release|Any CPU
		{3E84ACC1-27B4-401B-A359-6AAE4DF6C9B5}.Release|Any CPU.Build.0 = Release|Any CPU
		{3E84ACC1-27B4-401B-A359-6AAE4DF6C9B5}.Release|x64.ActiveCfg = Release|Any CPU
		{3E84ACC1-27B4-401B-A359-6AAE4DF6C9B5}.Release|x64.Build.0 = Release|Any CPU
		{3E84ACC1-27B4-401B-A359-6AAE4DF6C9B5}.Release|x86.ActiveCfg = Release|Any CPU
		{3E84ACC1-27B4-401B-A359-6AAE4DF6C9B5}.Release|x86.Build.0 = Release|Any CPU
		{77EA9D1E-4995-4D05-A9C7-29173CB5DC72}.Debug_DX|Any CPU.ActiveCfg = Debug|Any CPU
		{77EA9D1E-4995-4D05-A9C7-29173CB5DC72}.Debug_DX|Any CPU.Build.0 = Debug|Any CPU
		{77EA9D1E-4995-4D05-A9C7-29173CB5DC72}.Debug_DX|x64.ActiveCfg = Debug|Any CPU
		{77EA9D1E-4995-4D05-A9C7-29173CB5DC72}.Debug_DX|x64.Build.0 = Debug|Any CPU
		{77EA9D1E-4995-4D05-A9C7-29173CB5DC72}.Debug_DX|x86.ActiveCfg = Debug|Any CPU
		{77EA9D1E-4995-4D05-A9C7-29173CB5DC72}.Debug_DX|x86.Build.0 = Debug|Any CPU
		{77EA9D1E-4995-4D05-A9C7-29173CB5DC72}.Debug|Any CPU.ActiveCfg = Debug|Any CPU
		{77EA9D1E-4995-4D05-A9C7-29173CB5DC72}.Debug|Any CPU.Build.0 = Debug|Any CPU
		{77EA9D1E-4995-4D05-A9C7-29173CB5DC72}.Debug|x64.ActiveCfg = Debug|Any CPU
		{77EA9D1E-4995-4D05-A9C7-29173CB5DC72}.Debug|x64.Build.0 = Debug|Any CPU
		{77EA9D1E-4995-4D05-A9C7-29173CB5DC72}.Debug|x86.ActiveCfg = Debug|Any CPU
		{77EA9D1E-4995-4D05-A9C7-29173CB5DC72}.Debug|x86.Build.0 = Debug|Any CPU
		{77EA9D1E-4995-4D05-A9C7-29173CB5DC72}.Release_DX|Any CPU.ActiveCfg = Debug|Any CPU
		{77EA9D1E-4995-4D05-A9C7-29173CB5DC72}.Release_DX|Any CPU.Build.0 = Debug|Any CPU
		{77EA9D1E-4995-4D05-A9C7-29173CB5DC72}.Release_DX|x64.ActiveCfg = Release|Any CPU
		{77EA9D1E-4995-4D05-A9C7-29173CB5DC72}.Release_DX|x64.Build.0 = Release|Any CPU
		{77EA9D1E-4995-4D05-A9C7-29173CB5DC72}.Release_DX|x86.ActiveCfg = Release|Any CPU
		{77EA9D1E-4995-4D05-A9C7-29173CB5DC72}.Release_DX|x86.Build.0 = Release|Any CPU
		{77EA9D1E-4995-4D05-A9C7-29173CB5DC72}.Release|Any CPU.ActiveCfg = Release|Any CPU
		{77EA9D1E-4995-4D05-A9C7-29173CB5DC72}.Release|Any CPU.Build.0 = Release|Any CPU
		{77EA9D1E-4995-4D05-A9C7-29173CB5DC72}.Release|x64.ActiveCfg = Release|Any CPU
		{77EA9D1E-4995-4D05-A9C7-29173CB5DC72}.Release|x64.Build.0 = Release|Any CPU
		{77EA9D1E-4995-4D05-A9C7-29173CB5DC72}.Release|x86.ActiveCfg = Release|Any CPU
		{77EA9D1E-4995-4D05-A9C7-29173CB5DC72}.Release|x86.Build.0 = Release|Any CPU
		{6BA05A4E-A43C-4A0B-80E8-720520D64BA6}.Debug_DX|Any CPU.ActiveCfg = Debug|x64
		{6BA05A4E-A43C-4A0B-80E8-720520D64BA6}.Debug_DX|Any CPU.Build.0 = Debug|x64
		{6BA05A4E-A43C-4A0B-80E8-720520D64BA6}.Debug_DX|x64.ActiveCfg = Debug|x64
		{6BA05A4E-A43C-4A0B-80E8-720520D64BA6}.Debug_DX|x64.Build.0 = Debug|x64
		{6BA05A4E-A43C-4A0B-80E8-720520D64BA6}.Debug_DX|x86.ActiveCfg = Debug|x86
		{6BA05A4E-A43C-4A0B-80E8-720520D64BA6}.Debug_DX|x86.Build.0 = Debug|x86
		{6BA05A4E-A43C-4A0B-80E8-720520D64BA6}.Debug|Any CPU.ActiveCfg = Debug|x64
		{6BA05A4E-A43C-4A0B-80E8-720520D64BA6}.Debug|Any CPU.Build.0 = Debug|x64
		{6BA05A4E-A43C-4A0B-80E8-720520D64BA6}.Debug|x64.ActiveCfg = Debug|x64
		{6BA05A4E-A43C-4A0B-80E8-720520D64BA6}.Debug|x64.Build.0 = Debug|x64
		{6BA05A4E-A43C-4A0B-80E8-720520D64BA6}.Debug|x86.ActiveCfg = Debug|x86
		{6BA05A4E-A43C-4A0B-80E8-720520D64BA6}.Debug|x86.Build.0 = Debug|x86
		{6BA05A4E-A43C-4A0B-80E8-720520D64BA6}.Release_DX|Any CPU.ActiveCfg = Release|x64
		{6BA05A4E-A43C-4A0B-80E8-720520D64BA6}.Release_DX|Any CPU.Build.0 = Release|x64
		{6BA05A4E-A43C-4A0B-80E8-720520D64BA6}.Release_DX|x64.ActiveCfg = Release|x64
		{6BA05A4E-A43C-4A0B-80E8-720520D64BA6}.Release_DX|x64.Build.0 = Release|x64
		{6BA05A4E-A43C-4A0B-80E8-720520D64BA6}.Release_DX|x86.ActiveCfg = Release|x86
		{6BA05A4E-A43C-4A0B-80E8-720520D64BA6}.Release_DX|x86.Build.0 = Release|x86
		{6BA05A4E-A43C-4A0B-80E8-720520D64BA6}.Release|Any CPU.ActiveCfg = Release|x64
		{6BA05A4E-A43C-4A0B-80E8-720520D64BA6}.Release|Any CPU.Build.0 = Release|x64
		{6BA05A4E-A43C-4A0B-80E8-720520D64BA6}.Release|x64.ActiveCfg = Release|x64
		{6BA05A4E-A43C-4A0B-80E8-720520D64BA6}.Release|x64.Build.0 = Release|x64
		{6BA05A4E-A43C-4A0B-80E8-720520D64BA6}.Release|x86.ActiveCfg = Release|x86
		{6BA05A4E-A43C-4A0B-80E8-720520D64BA6}.Release|x86.Build.0 = Release|x86
	EndGlobalSection
	GlobalSection(SolutionProperties) = preSolution
		HideSolutionNode = FALSE
	EndGlobalSection
	GlobalSection(ExtensibilityGlobals) = postSolution
		SolutionGuid = {733F3852-BA5E-4E8A-ADB3-6AEE2A950E6E}
	EndGlobalSection
EndGlobal
